PODS:
  - Down (0.8.1)
  - Kingfisher (4.10.1)
  - OAuthSwift (1.3.0)

DEPENDENCIES:
  - Down (from `https://github.com/iwasrobbed/Down`)
  - Kingfisher (~> 4.0)
  - OAuthSwift

SPEC REPOS:
  https://github.com/cocoapods/specs.git:
    - Kingfisher
    - OAuthSwift

EXTERNAL SOURCES:
  Down:
    :git: https://github.com/iwasrobbed/Down

CHECKOUT OPTIONS:
  Down:
    :commit: 606c1e14dd7d002a5cb09b8455fbebac6e767ca8
    :git: https://github.com/iwasrobbed/Down

SPEC CHECKSUMS:
  Down: 4d846ef6843a581983d19001f8c90262ae3dcdc3
  Kingfisher: c148cd7b47ebde9989f6bc7c27dcaa79d81279a0
  OAuthSwift: 7ef2f74cb570e1e30e2aeddc58fccc0f3891d057

PODFILE CHECKSUM: 606f274131ba0cecfab5f7feb7431e152272b105

COCOAPODS: 1.6.1
