PODS:
  - BTNavigationDropdownMenu (0.5)
  - Down (0.8.1)
  - Kingfisher (4.10.1)
  - OAuthSwift (1.3.0)

DEPENDENCIES:
  - BTNavigationDropdownMenu
  - Down
  - Kingfisher (~> 4.0)
  - OAuthSwift

SPEC REPOS:
  https://github.com/cocoapods/specs.git:
    - BTNavigationDropdownMenu
    - Down
    - Kingfisher
    - OAuthSwift

SPEC CHECKSUMS:
  BTNavigationDropdownMenu: ba3a26fdb6a56c4721c31df8a0875106c259663a
  Down: 3aa5ab1aee1a2ffff3c07291e9210dac5cc462cd
  Kingfisher: c148cd7b47ebde9989f6bc7c27dcaa79d81279a0
  OAuthSwift: 7ef2f74cb570e1e30e2aeddc58fccc0f3891d057

PODFILE CHECKSUM: 59a4ee0d2d9093a601d11754f840d6b967ff28c6

COCOAPODS: 1.6.1
