// !$*UTF8*$!
{
	archiveVersion = 1;
	classes = {
	};
	objectVersion = 50;
	objects = {

/* Begin PBXBuildFile section */
		098518DCFB48A0770163C409 /* Pods_Learn.framework in Frameworks */ = {isa = PBXBuildFile; fileRef = 2ED797032375B2335F2567A3 /* Pods_Learn.framework */; };
		6709867E22545ECC009E0BAE /* Batch.swift in Sources */ = {isa = PBXBuildFile; fileRef = 6709867D22545ECC009E0BAE /* Batch.swift */; };
		6709868222545EF6009E0BAE /* Course.swift in Sources */ = {isa = PBXBuildFile; fileRef = 6709868122545EF6009E0BAE /* Course.swift */; };
		67156DB72267C470003BC44E /* TopicsViewController.swift in Sources */ = {isa = PBXBuildFile; fileRef = 67156DB62267C470003BC44E /* TopicsViewController.swift */; };
		67156DBA2267C7F8003BC44E /* Track.swift in Sources */ = {isa = PBXBuildFile; fileRef = 67156DB92267C7F8003BC44E /* Track.swift */; };
		67156DBC2267E000003BC44E /* TopicCollectionViewCell.swift in Sources */ = {isa = PBXBuildFile; fileRef = 67156DBB2267E000003BC44E /* TopicCollectionViewCell.swift */; };
		6748541C22558AA900A33C5F /* Endpoint.swift in Sources */ = {isa = PBXBuildFile; fileRef = 6748541B22558AA900A33C5F /* Endpoint.swift */; };
		8F40F1DC20FBB1FB0090C604 /* AppDelegate.swift in Sources */ = {isa = PBXBuildFile; fileRef = 8F40F1DB20FBB1FB0090C604 /* AppDelegate.swift */; };
		8F40F1DE20FBB1FB0090C604 /* HomeViewController.swift in Sources */ = {isa = PBXBuildFile; fileRef = 8F40F1DD20FBB1FB0090C604 /* HomeViewController.swift */; };
		8F40F1E120FBB1FB0090C604 /* Main.storyboard in Resources */ = {isa = PBXBuildFile; fileRef = 8F40F1DF20FBB1FB0090C604 /* Main.storyboard */; };
		8F40F1E320FBB1FC0090C604 /* Assets.xcassets in Resources */ = {isa = PBXBuildFile; fileRef = 8F40F1E220FBB1FC0090C604 /* Assets.xcassets */; };
		8F40F1E620FBB1FC0090C604 /* LaunchScreen.storyboard in Resources */ = {isa = PBXBuildFile; fileRef = 8F40F1E420FBB1FC0090C604 /* LaunchScreen.storyboard */; };
		C10C56C721026B3100D903E8 /* Student.swift in Sources */ = {isa = PBXBuildFile; fileRef = C10C56C621026B3100D903E8 /* Student.swift */; };
		C10C56CA21026CC100D903E8 /* Switcher.swift in Sources */ = {isa = PBXBuildFile; fileRef = C10C56C921026CC100D903E8 /* Switcher.swift */; };
		C10C56CD21026D8100D903E8 /* UserDataStore.swift in Sources */ = {isa = PBXBuildFile; fileRef = C10C56CC21026D8100D903E8 /* UserDataStore.swift */; };
		C10C56CF21026E6700D903E8 /* Constants.swift in Sources */ = {isa = PBXBuildFile; fileRef = C10C56CE21026E6700D903E8 /* Constants.swift */; };
		C10C56D121027A3A00D903E8 /* LoginViewController.swift in Sources */ = {isa = PBXBuildFile; fileRef = C10C56D021027A3A00D903E8 /* LoginViewController.swift */; };
		C10C56D92102832A00D903E8 /* LessonsViewController.swift in Sources */ = {isa = PBXBuildFile; fileRef = C10C56D82102832A00D903E8 /* LessonsViewController.swift */; };
		C18235C320FFB71700244E27 /* LearnApi.swift in Sources */ = {isa = PBXBuildFile; fileRef = C18235C220FFB71700244E27 /* LearnApi.swift */; };
		C19121312268F9CE0065601A /* Learn.xcdatamodeld in Sources */ = {isa = PBXBuildFile; fileRef = C191212F2268F9CE0065601A /* Learn.xcdatamodeld */; };
		C198B3DD226206A70036282B /* LessonViewCell.swift in Sources */ = {isa = PBXBuildFile; fileRef = C198B3DC226206A70036282B /* LessonViewCell.swift */; };
		C1B2F81B2257916500E97680 /* LessonCollectionViewCell.swift in Sources */ = {isa = PBXBuildFile; fileRef = C1B2F81A2257916500E97680 /* LessonCollectionViewCell.swift */; };
		C1B2F81D225794C100E97680 /* ColorHelper.swift in Sources */ = {isa = PBXBuildFile; fileRef = C1B2F81C225794C100E97680 /* ColorHelper.swift */; };
/* End PBXBuildFile section */

/* Begin PBXFileReference section */
		2ED797032375B2335F2567A3 /* Pods_Learn.framework */ = {isa = PBXFileReference; explicitFileType = wrapper.framework; includeInIndex = 0; path = Pods_Learn.framework; sourceTree = BUILT_PRODUCTS_DIR; };
		5957DFBC70FC2B76E9197AD8 /* Pods-Learn.release.xcconfig */ = {isa = PBXFileReference; includeInIndex = 1; lastKnownFileType = text.xcconfig; name = "Pods-Learn.release.xcconfig"; path = "Pods/Target Support Files/Pods-Learn/Pods-Learn.release.xcconfig"; sourceTree = "<group>"; };
		6709867D22545ECC009E0BAE /* Batch.swift */ = {isa = PBXFileReference; lastKnownFileType = sourcecode.swift; path = Batch.swift; sourceTree = "<group>"; };
		6709868122545EF6009E0BAE /* Course.swift */ = {isa = PBXFileReference; lastKnownFileType = sourcecode.swift; path = Course.swift; sourceTree = "<group>"; };
		67156DB62267C470003BC44E /* TopicsViewController.swift */ = {isa = PBXFileReference; lastKnownFileType = sourcecode.swift; path = TopicsViewController.swift; sourceTree = "<group>"; };
		67156DB92267C7F8003BC44E /* Track.swift */ = {isa = PBXFileReference; lastKnownFileType = sourcecode.swift; path = Track.swift; sourceTree = "<group>"; };
		67156DBB2267E000003BC44E /* TopicCollectionViewCell.swift */ = {isa = PBXFileReference; lastKnownFileType = sourcecode.swift; path = TopicCollectionViewCell.swift; sourceTree = "<group>"; };
		6748541B22558AA900A33C5F /* Endpoint.swift */ = {isa = PBXFileReference; fileEncoding = 4; lastKnownFileType = sourcecode.swift; path = Endpoint.swift; sourceTree = "<group>"; };
		8F40F1D820FBB1FB0090C604 /* Learn.app */ = {isa = PBXFileReference; explicitFileType = wrapper.application; includeInIndex = 0; path = Learn.app; sourceTree = BUILT_PRODUCTS_DIR; };
		8F40F1DB20FBB1FB0090C604 /* AppDelegate.swift */ = {isa = PBXFileReference; lastKnownFileType = sourcecode.swift; path = AppDelegate.swift; sourceTree = "<group>"; };
		8F40F1DD20FBB1FB0090C604 /* HomeViewController.swift */ = {isa = PBXFileReference; lastKnownFileType = sourcecode.swift; path = HomeViewController.swift; sourceTree = "<group>"; };
		8F40F1E020FBB1FB0090C604 /* Base */ = {isa = PBXFileReference; lastKnownFileType = file.storyboard; name = Base; path = Base.lproj/Main.storyboard; sourceTree = "<group>"; };
		8F40F1E220FBB1FC0090C604 /* Assets.xcassets */ = {isa = PBXFileReference; lastKnownFileType = folder.assetcatalog; path = Assets.xcassets; sourceTree = "<group>"; };
		8F40F1E520FBB1FC0090C604 /* Base */ = {isa = PBXFileReference; lastKnownFileType = file.storyboard; name = Base; path = Base.lproj/LaunchScreen.storyboard; sourceTree = "<group>"; };
		8F40F1E720FBB1FC0090C604 /* Info.plist */ = {isa = PBXFileReference; lastKnownFileType = text.plist.xml; path = Info.plist; sourceTree = "<group>"; };
		C10C56C621026B3100D903E8 /* Student.swift */ = {isa = PBXFileReference; lastKnownFileType = sourcecode.swift; path = Student.swift; sourceTree = "<group>"; };
		C10C56C921026CC100D903E8 /* Switcher.swift */ = {isa = PBXFileReference; lastKnownFileType = sourcecode.swift; path = Switcher.swift; sourceTree = "<group>"; };
		C10C56CC21026D8100D903E8 /* UserDataStore.swift */ = {isa = PBXFileReference; lastKnownFileType = sourcecode.swift; path = UserDataStore.swift; sourceTree = "<group>"; };
		C10C56CE21026E6700D903E8 /* Constants.swift */ = {isa = PBXFileReference; lastKnownFileType = sourcecode.swift; path = Constants.swift; sourceTree = "<group>"; };
		C10C56D021027A3A00D903E8 /* LoginViewController.swift */ = {isa = PBXFileReference; lastKnownFileType = sourcecode.swift; path = LoginViewController.swift; sourceTree = "<group>"; };
		C10C56D82102832A00D903E8 /* LessonsViewController.swift */ = {isa = PBXFileReference; lastKnownFileType = sourcecode.swift; path = LessonsViewController.swift; sourceTree = "<group>"; };
		C18235C220FFB71700244E27 /* LearnApi.swift */ = {isa = PBXFileReference; lastKnownFileType = sourcecode.swift; path = LearnApi.swift; sourceTree = "<group>"; };
		C19121302268F9CE0065601A /* Learn.xcdatamodel */ = {isa = PBXFileReference; lastKnownFileType = wrapper.xcdatamodel; path = Learn.xcdatamodel; sourceTree = "<group>"; };
		C198B3DC226206A70036282B /* LessonViewCell.swift */ = {isa = PBXFileReference; lastKnownFileType = sourcecode.swift; path = LessonViewCell.swift; sourceTree = "<group>"; };
		C1B2F81A2257916500E97680 /* LessonCollectionViewCell.swift */ = {isa = PBXFileReference; lastKnownFileType = sourcecode.swift; path = LessonCollectionViewCell.swift; sourceTree = "<group>"; };
		C1B2F81C225794C100E97680 /* ColorHelper.swift */ = {isa = PBXFileReference; lastKnownFileType = sourcecode.swift; path = ColorHelper.swift; sourceTree = "<group>"; };
		E30683C953D33AF2B2989B6C /* Pods-Learn.debug.xcconfig */ = {isa = PBXFileReference; includeInIndex = 1; lastKnownFileType = text.xcconfig; name = "Pods-Learn.debug.xcconfig"; path = "Pods/Target Support Files/Pods-Learn/Pods-Learn.debug.xcconfig"; sourceTree = "<group>"; };
/* End PBXFileReference section */

/* Begin PBXFrameworksBuildPhase section */
		8F40F1D520FBB1FB0090C604 /* Frameworks */ = {
			isa = PBXFrameworksBuildPhase;
			buildActionMask = 2147483647;
			files = (
				098518DCFB48A0770163C409 /* Pods_Learn.framework in Frameworks */,
			);
			runOnlyForDeploymentPostprocessing = 0;
		};
/* End PBXFrameworksBuildPhase section */

/* Begin PBXGroup section */
		0E0DD6211319BC7AF8542097 /* Pods */ = {
			isa = PBXGroup;
			children = (
				E30683C953D33AF2B2989B6C /* Pods-Learn.debug.xcconfig */,
				5957DFBC70FC2B76E9197AD8 /* Pods-Learn.release.xcconfig */,
			);
			name = Pods;
			sourceTree = "<group>";
		};
		67156DB82267C7DD003BC44E /* Curriculum */ = {
			isa = PBXGroup;
			children = (
				67156DB92267C7F8003BC44E /* Track.swift */,
			);
			path = Curriculum;
			sourceTree = "<group>";
		};
		8F40F1CF20FBB1FB0090C604 = {
			isa = PBXGroup;
			children = (
				8F40F1DA20FBB1FB0090C604 /* Learn */,
				8F40F1D920FBB1FB0090C604 /* Products */,
				0E0DD6211319BC7AF8542097 /* Pods */,
				EADD015898FB5A62FBD69D18 /* Frameworks */,
			);
			sourceTree = "<group>";
		};
		8F40F1D920FBB1FB0090C604 /* Products */ = {
			isa = PBXGroup;
			children = (
				8F40F1D820FBB1FB0090C604 /* Learn.app */,
			);
			name = Products;
			sourceTree = "<group>";
		};
		8F40F1DA20FBB1FB0090C604 /* Learn */ = {
			isa = PBXGroup;
			children = (
				C191212F2268F9CE0065601A /* Learn.xcdatamodeld */,
				C1B2F8192257911A00E97680 /* Views */,
				C10C56CB21026D7400D903E8 /* Stores */,
				C10C56C821026CB200D903E8 /* Utilities */,
				C10C56C521026B1F00D903E8 /* Controllers */,
				C10C56C421026B1900D903E8 /* Adapters */,
				C10C56C321026B1200D903E8 /* Models */,
				8F40F1DB20FBB1FB0090C604 /* AppDelegate.swift */,
				8F40F1DF20FBB1FB0090C604 /* Main.storyboard */,
				8F40F1E220FBB1FC0090C604 /* Assets.xcassets */,
				8F40F1E420FBB1FC0090C604 /* LaunchScreen.storyboard */,
				8F40F1E720FBB1FC0090C604 /* Info.plist */,
			);
			path = Learn;
			sourceTree = "<group>";
		};
		C10C56C321026B1200D903E8 /* Models */ = {
			isa = PBXGroup;
			children = (
				67156DB82267C7DD003BC44E /* Curriculum */,
				C10C56C621026B3100D903E8 /* Student.swift */,
				6709867D22545ECC009E0BAE /* Batch.swift */,
				6709868122545EF6009E0BAE /* Course.swift */,
			);
			path = Models;
			sourceTree = "<group>";
		};
		C10C56C421026B1900D903E8 /* Adapters */ = {
			isa = PBXGroup;
			children = (
				6748541B22558AA900A33C5F /* Endpoint.swift */,
				C18235C220FFB71700244E27 /* LearnApi.swift */,
			);
			path = Adapters;
			sourceTree = "<group>";
		};
		C10C56C521026B1F00D903E8 /* Controllers */ = {
			isa = PBXGroup;
			children = (
				8F40F1DD20FBB1FB0090C604 /* HomeViewController.swift */,
				C10C56D7210282E300D903E8 /* Auth */,
				C10C56D6210282D300D903E8 /* Lessons */,
			);
			path = Controllers;
			sourceTree = "<group>";
		};
		C10C56C821026CB200D903E8 /* Utilities */ = {
			isa = PBXGroup;
			children = (
				C10C56C921026CC100D903E8 /* Switcher.swift */,
				C10C56CE21026E6700D903E8 /* Constants.swift */,
				C1B2F81C225794C100E97680 /* ColorHelper.swift */,
			);
			path = Utilities;
			sourceTree = "<group>";
		};
		C10C56CB21026D7400D903E8 /* Stores */ = {
			isa = PBXGroup;
			children = (
				C10C56CC21026D8100D903E8 /* UserDataStore.swift */,
			);
			path = Stores;
			sourceTree = "<group>";
		};
		C10C56D6210282D300D903E8 /* Lessons */ = {
			isa = PBXGroup;
			children = (
				C10C56D82102832A00D903E8 /* LessonsViewController.swift */,
				67156DB62267C470003BC44E /* TopicsViewController.swift */,
			);
			path = Lessons;
			sourceTree = "<group>";
		};
		C10C56D7210282E300D903E8 /* Auth */ = {
			isa = PBXGroup;
			children = (
				C10C56D021027A3A00D903E8 /* LoginViewController.swift */,
			);
			path = Auth;
			sourceTree = "<group>";
		};
		C1B2F8192257911A00E97680 /* Views */ = {
			isa = PBXGroup;
			children = (
				C1B2F81A2257916500E97680 /* LessonCollectionViewCell.swift */,
				C198B3DC226206A70036282B /* LessonViewCell.swift */,
				67156DBB2267E000003BC44E /* TopicCollectionViewCell.swift */,
			);
			path = Views;
			sourceTree = "<group>";
		};
		EADD015898FB5A62FBD69D18 /* Frameworks */ = {
			isa = PBXGroup;
			children = (
				2ED797032375B2335F2567A3 /* Pods_Learn.framework */,
			);
			name = Frameworks;
			sourceTree = "<group>";
		};
/* End PBXGroup section */

/* Begin PBXNativeTarget section */
		8F40F1D720FBB1FB0090C604 /* Learn */ = {
			isa = PBXNativeTarget;
			buildConfigurationList = 8F40F1EA20FBB1FC0090C604 /* Build configuration list for PBXNativeTarget "Learn" */;
			buildPhases = (
				289D8EE801DF3C8B6AF5325A /* [CP] Check Pods Manifest.lock */,
				8F40F1D420FBB1FB0090C604 /* Sources */,
				8F40F1D520FBB1FB0090C604 /* Frameworks */,
				8F40F1D620FBB1FB0090C604 /* Resources */,
				2A96EB189D838A754636767C /* [CP] Embed Pods Frameworks */,
			);
			buildRules = (
			);
			dependencies = (
			);
			name = Learn;
			productName = Learn;
			productReference = 8F40F1D820FBB1FB0090C604 /* Learn.app */;
			productType = "com.apple.product-type.application";
		};
/* End PBXNativeTarget section */

/* Begin PBXProject section */
		8F40F1D020FBB1FB0090C604 /* Project object */ = {
			isa = PBXProject;
			attributes = {
				LastSwiftUpdateCheck = 1000;
				LastUpgradeCheck = 1000;
				ORGANIZATIONNAME = "Johann Kerr";
				TargetAttributes = {
					8F40F1D720FBB1FB0090C604 = {
						CreatedOnToolsVersion = 10.0;
					};
				};
			};
			buildConfigurationList = 8F40F1D320FBB1FB0090C604 /* Build configuration list for PBXProject "Learn" */;
			compatibilityVersion = "Xcode 9.3";
			developmentRegion = en;
			hasScannedForEncodings = 0;
			knownRegions = (
				en,
				Base,
			);
			mainGroup = 8F40F1CF20FBB1FB0090C604;
			productRefGroup = 8F40F1D920FBB1FB0090C604 /* Products */;
			projectDirPath = "";
			projectRoot = "";
			targets = (
				8F40F1D720FBB1FB0090C604 /* Learn */,
			);
		};
/* End PBXProject section */

/* Begin PBXResourcesBuildPhase section */
		8F40F1D620FBB1FB0090C604 /* Resources */ = {
			isa = PBXResourcesBuildPhase;
			buildActionMask = 2147483647;
			files = (
				8F40F1E620FBB1FC0090C604 /* LaunchScreen.storyboard in Resources */,
				8F40F1E320FBB1FC0090C604 /* Assets.xcassets in Resources */,
				8F40F1E120FBB1FB0090C604 /* Main.storyboard in Resources */,
			);
			runOnlyForDeploymentPostprocessing = 0;
		};
/* End PBXResourcesBuildPhase section */

/* Begin PBXShellScriptBuildPhase section */
		289D8EE801DF3C8B6AF5325A /* [CP] Check Pods Manifest.lock */ = {
			isa = PBXShellScriptBuildPhase;
			buildActionMask = 2147483647;
			files = (
			);
			inputPaths = (
				"${PODS_PODFILE_DIR_PATH}/Podfile.lock",
				"${PODS_ROOT}/Manifest.lock",
			);
			name = "[CP] Check Pods Manifest.lock";
			outputPaths = (
				"$(DERIVED_FILE_DIR)/Pods-Learn-checkManifestLockResult.txt",
			);
			runOnlyForDeploymentPostprocessing = 0;
			shellPath = /bin/sh;
			shellScript = "diff \"${PODS_PODFILE_DIR_PATH}/Podfile.lock\" \"${PODS_ROOT}/Manifest.lock\" > /dev/null\nif [ $? != 0 ] ; then\n    # print error to STDERR\n    echo \"error: The sandbox is not in sync with the Podfile.lock. Run 'pod install' or update your CocoaPods installation.\" >&2\n    exit 1\nfi\n# This output is used by Xcode 'outputs' to avoid re-running this script phase.\necho \"SUCCESS\" > \"${SCRIPT_OUTPUT_FILE_0}\"\n";
			showEnvVarsInLog = 0;
		};
		2A96EB189D838A754636767C /* [CP] Embed Pods Frameworks */ = {
			isa = PBXShellScriptBuildPhase;
			buildActionMask = 2147483647;
			files = (
			);
			inputPaths = (
				"${SRCROOT}/Pods/Target Support Files/Pods-Learn/Pods-Learn-frameworks.sh",
				"${BUILT_PRODUCTS_DIR}/Alamofire/Alamofire.framework",
				"${BUILT_PRODUCTS_DIR}/Kingfisher/Kingfisher.framework",
				"${BUILT_PRODUCTS_DIR}/OAuthSwift/OAuthSwift.framework",
			);
			name = "[CP] Embed Pods Frameworks";
			outputPaths = (
				"${TARGET_BUILD_DIR}/${FRAMEWORKS_FOLDER_PATH}/Alamofire.framework",
				"${TARGET_BUILD_DIR}/${FRAMEWORKS_FOLDER_PATH}/Kingfisher.framework",
				"${TARGET_BUILD_DIR}/${FRAMEWORKS_FOLDER_PATH}/OAuthSwift.framework",
			);
			runOnlyForDeploymentPostprocessing = 0;
			shellPath = /bin/sh;
			shellScript = "\"${SRCROOT}/Pods/Target Support Files/Pods-Learn/Pods-Learn-frameworks.sh\"\n";
			showEnvVarsInLog = 0;
		};
/* End PBXShellScriptBuildPhase section */

/* Begin PBXSourcesBuildPhase section */
		8F40F1D420FBB1FB0090C604 /* Sources */ = {
			isa = PBXSourcesBuildPhase;
			buildActionMask = 2147483647;
			files = (
				6748541C22558AA900A33C5F /* Endpoint.swift in Sources */,
				C1B2F81D225794C100E97680 /* ColorHelper.swift in Sources */,
				6709868222545EF6009E0BAE /* Course.swift in Sources */,
				C10C56CD21026D8100D903E8 /* UserDataStore.swift in Sources */,
				67156DB72267C470003BC44E /* TopicsViewController.swift in Sources */,
				67156DBA2267C7F8003BC44E /* Track.swift in Sources */,
				C19121312268F9CE0065601A /* Learn.xcdatamodeld in Sources */,
				C10C56D92102832A00D903E8 /* LessonsViewController.swift in Sources */,
				C10C56CA21026CC100D903E8 /* Switcher.swift in Sources */,
				67156DBC2267E000003BC44E /* TopicCollectionViewCell.swift in Sources */,
				C10C56C721026B3100D903E8 /* Student.swift in Sources */,
				C1B2F81B2257916500E97680 /* LessonCollectionViewCell.swift in Sources */,
				C18235C320FFB71700244E27 /* LearnApi.swift in Sources */,
				6709867E22545ECC009E0BAE /* Batch.swift in Sources */,
				C10C56D121027A3A00D903E8 /* LoginViewController.swift in Sources */,
				C10C56CF21026E6700D903E8 /* Constants.swift in Sources */,
				8F40F1DE20FBB1FB0090C604 /* HomeViewController.swift in Sources */,
				8F40F1DC20FBB1FB0090C604 /* AppDelegate.swift in Sources */,
				C198B3DD226206A70036282B /* LessonViewCell.swift in Sources */,
			);
			runOnlyForDeploymentPostprocessing = 0;
		};
/* End PBXSourcesBuildPhase section */

/* Begin PBXVariantGroup section */
		8F40F1DF20FBB1FB0090C604 /* Main.storyboard */ = {
			isa = PBXVariantGroup;
			children = (
				8F40F1E020FBB1FB0090C604 /* Base */,
			);
			name = Main.storyboard;
			sourceTree = "<group>";
		};
		8F40F1E420FBB1FC0090C604 /* LaunchScreen.storyboard */ = {
			isa = PBXVariantGroup;
			children = (
				8F40F1E520FBB1FC0090C604 /* Base */,
			);
			name = LaunchScreen.storyboard;
			sourceTree = "<group>";
		};
/* End PBXVariantGroup section */

/* Begin XCBuildConfiguration section */
		8F40F1E820FBB1FC0090C604 /* Debug */ = {
			isa = XCBuildConfiguration;
			buildSettings = {
				ALWAYS_SEARCH_USER_PATHS = NO;
				CLANG_ANALYZER_NONNULL = YES;
				CLANG_ANALYZER_NUMBER_OBJECT_CONVERSION = YES_AGGRESSIVE;
				CLANG_CXX_LANGUAGE_STANDARD = "gnu++14";
				CLANG_CXX_LIBRARY = "libc++";
				CLANG_ENABLE_MODULES = YES;
				CLANG_ENABLE_OBJC_ARC = YES;
				CLANG_ENABLE_OBJC_WEAK = YES;
				CLANG_WARN_BLOCK_CAPTURE_AUTORELEASING = YES;
				CLANG_WARN_BOOL_CONVERSION = YES;
				CLANG_WARN_COMMA = YES;
				CLANG_WARN_CONSTANT_CONVERSION = YES;
				CLANG_WARN_DEPRECATED_OBJC_IMPLEMENTATIONS = YES;
				CLANG_WARN_DIRECT_OBJC_ISA_USAGE = YES_ERROR;
				CLANG_WARN_DOCUMENTATION_COMMENTS = YES;
				CLANG_WARN_EMPTY_BODY = YES;
				CLANG_WARN_ENUM_CONVERSION = YES;
				CLANG_WARN_INFINITE_RECURSION = YES;
				CLANG_WARN_INT_CONVERSION = YES;
				CLANG_WARN_NON_LITERAL_NULL_CONVERSION = YES;
				CLANG_WARN_OBJC_IMPLICIT_RETAIN_SELF = YES;
				CLANG_WARN_OBJC_LITERAL_CONVERSION = YES;
				CLANG_WARN_OBJC_ROOT_CLASS = YES_ERROR;
				CLANG_WARN_RANGE_LOOP_ANALYSIS = YES;
				CLANG_WARN_STRICT_PROTOTYPES = YES;
				CLANG_WARN_SUSPICIOUS_MOVE = YES;
				CLANG_WARN_UNGUARDED_AVAILABILITY = YES_AGGRESSIVE;
				CLANG_WARN_UNREACHABLE_CODE = YES;
				CLANG_WARN__DUPLICATE_METHOD_MATCH = YES;
				CODE_SIGN_IDENTITY = "iPhone Developer";
				COPY_PHASE_STRIP = NO;
				DEBUG_INFORMATION_FORMAT = dwarf;
				ENABLE_STRICT_OBJC_MSGSEND = YES;
				ENABLE_TESTABILITY = YES;
				GCC_C_LANGUAGE_STANDARD = gnu11;
				GCC_DYNAMIC_NO_PIC = NO;
				GCC_NO_COMMON_BLOCKS = YES;
				GCC_OPTIMIZATION_LEVEL = 0;
				GCC_PREPROCESSOR_DEFINITIONS = (
					"DEBUG=1",
					"$(inherited)",
				);
				GCC_WARN_64_TO_32_BIT_CONVERSION = YES;
				GCC_WARN_ABOUT_RETURN_TYPE = YES_ERROR;
				GCC_WARN_UNDECLARED_SELECTOR = YES;
				GCC_WARN_UNINITIALIZED_AUTOS = YES_AGGRESSIVE;
				GCC_WARN_UNUSED_FUNCTION = YES;
				GCC_WARN_UNUSED_VARIABLE = YES;
				IPHONEOS_DEPLOYMENT_TARGET = 12.0;
				MTL_ENABLE_DEBUG_INFO = INCLUDE_SOURCE;
				MTL_FAST_MATH = YES;
				ONLY_ACTIVE_ARCH = YES;
				SDKROOT = iphoneos;
				SWIFT_ACTIVE_COMPILATION_CONDITIONS = DEBUG;
				SWIFT_OPTIMIZATION_LEVEL = "-Onone";
			};
			name = Debug;
		};
		8F40F1E920FBB1FC0090C604 /* Release */ = {
			isa = XCBuildConfiguration;
			buildSettings = {
				ALWAYS_SEARCH_USER_PATHS = NO;
				CLANG_ANALYZER_NONNULL = YES;
				CLANG_ANALYZER_NUMBER_OBJECT_CONVERSION = YES_AGGRESSIVE;
				CLANG_CXX_LANGUAGE_STANDARD = "gnu++14";
				CLANG_CXX_LIBRARY = "libc++";
				CLANG_ENABLE_MODULES = YES;
				CLANG_ENABLE_OBJC_ARC = YES;
				CLANG_ENABLE_OBJC_WEAK = YES;
				CLANG_WARN_BLOCK_CAPTURE_AUTORELEASING = YES;
				CLANG_WARN_BOOL_CONVERSION = YES;
				CLANG_WARN_COMMA = YES;
				CLANG_WARN_CONSTANT_CONVERSION = YES;
				CLANG_WARN_DEPRECATED_OBJC_IMPLEMENTATIONS = YES;
				CLANG_WARN_DIRECT_OBJC_ISA_USAGE = YES_ERROR;
				CLANG_WARN_DOCUMENTATION_COMMENTS = YES;
				CLANG_WARN_EMPTY_BODY = YES;
				CLANG_WARN_ENUM_CONVERSION = YES;
				CLANG_WARN_INFINITE_RECURSION = YES;
				CLANG_WARN_INT_CONVERSION = YES;
				CLANG_WARN_NON_LITERAL_NULL_CONVERSION = YES;
				CLANG_WARN_OBJC_IMPLICIT_RETAIN_SELF = YES;
				CLANG_WARN_OBJC_LITERAL_CONVERSION = YES;
				CLANG_WARN_OBJC_ROOT_CLASS = YES_ERROR;
				CLANG_WARN_RANGE_LOOP_ANALYSIS = YES;
				CLANG_WARN_STRICT_PROTOTYPES = YES;
				CLANG_WARN_SUSPICIOUS_MOVE = YES;
				CLANG_WARN_UNGUARDED_AVAILABILITY = YES_AGGRESSIVE;
				CLANG_WARN_UNREACHABLE_CODE = YES;
				CLANG_WARN__DUPLICATE_METHOD_MATCH = YES;
				CODE_SIGN_IDENTITY = "iPhone Developer";
				COPY_PHASE_STRIP = NO;
				DEBUG_INFORMATION_FORMAT = "dwarf-with-dsym";
				ENABLE_NS_ASSERTIONS = NO;
				ENABLE_STRICT_OBJC_MSGSEND = YES;
				GCC_C_LANGUAGE_STANDARD = gnu11;
				GCC_NO_COMMON_BLOCKS = YES;
				GCC_WARN_64_TO_32_BIT_CONVERSION = YES;
				GCC_WARN_ABOUT_RETURN_TYPE = YES_ERROR;
				GCC_WARN_UNDECLARED_SELECTOR = YES;
				GCC_WARN_UNINITIALIZED_AUTOS = YES_AGGRESSIVE;
				GCC_WARN_UNUSED_FUNCTION = YES;
				GCC_WARN_UNUSED_VARIABLE = YES;
				IPHONEOS_DEPLOYMENT_TARGET = 12.0;
				MTL_ENABLE_DEBUG_INFO = NO;
				MTL_FAST_MATH = YES;
				SDKROOT = iphoneos;
				SWIFT_COMPILATION_MODE = wholemodule;
				SWIFT_OPTIMIZATION_LEVEL = "-O";
				VALIDATE_PRODUCT = YES;
			};
			name = Release;
		};
		8F40F1EB20FBB1FC0090C604 /* Debug */ = {
			isa = XCBuildConfiguration;
			baseConfigurationReference = E30683C953D33AF2B2989B6C /* Pods-Learn.debug.xcconfig */;
			buildSettings = {
				ASSETCATALOG_COMPILER_APPICON_NAME = AppIcon;
				CODE_SIGN_STYLE = Automatic;
				DEVELOPMENT_TEAM = WNAGBXF4G9;
				INFOPLIST_FILE = Learn/Info.plist;
				LD_RUNPATH_SEARCH_PATHS = (
					"$(inherited)",
					"@executable_path/Frameworks",
				);
				PRODUCT_BUNDLE_IDENTIFIER = com.johannkerr.Learn;
				PRODUCT_NAME = "$(TARGET_NAME)";
				SWIFT_VERSION = 5.0;
				TARGETED_DEVICE_FAMILY = "1,2";
			};
			name = Debug;
		};
		8F40F1EC20FBB1FC0090C604 /* Release */ = {
			isa = XCBuildConfiguration;
			baseConfigurationReference = 5957DFBC70FC2B76E9197AD8 /* Pods-Learn.release.xcconfig */;
			buildSettings = {
				ASSETCATALOG_COMPILER_APPICON_NAME = AppIcon;
				CODE_SIGN_STYLE = Automatic;
				DEVELOPMENT_TEAM = WNAGBXF4G9;
				INFOPLIST_FILE = Learn/Info.plist;
				LD_RUNPATH_SEARCH_PATHS = (
					"$(inherited)",
					"@executable_path/Frameworks",
				);
				PRODUCT_BUNDLE_IDENTIFIER = com.johannkerr.Learn;
				PRODUCT_NAME = "$(TARGET_NAME)";
				SWIFT_VERSION = 5.0;
				TARGETED_DEVICE_FAMILY = "1,2";
			};
			name = Release;
		};
/* End XCBuildConfiguration section */

/* Begin XCConfigurationList section */
		8F40F1D320FBB1FB0090C604 /* Build configuration list for PBXProject "Learn" */ = {
			isa = XCConfigurationList;
			buildConfigurations = (
				8F40F1E820FBB1FC0090C604 /* Debug */,
				8F40F1E920FBB1FC0090C604 /* Release */,
			);
			defaultConfigurationIsVisible = 0;
			defaultConfigurationName = Release;
		};
		8F40F1EA20FBB1FC0090C604 /* Build configuration list for PBXNativeTarget "Learn" */ = {
			isa = XCConfigurationList;
			buildConfigurations = (
				8F40F1EB20FBB1FC0090C604 /* Debug */,
				8F40F1EC20FBB1FC0090C604 /* Release */,
			);
			defaultConfigurationIsVisible = 0;
			defaultConfigurationName = Release;
		};
/* End XCConfigurationList section */

/* Begin XCVersionGroup section */
		C191212F2268F9CE0065601A /* Learn.xcdatamodeld */ = {
			isa = XCVersionGroup;
			children = (
				C19121302268F9CE0065601A /* Learn.xcdatamodel */,
			);
			currentVersion = C19121302268F9CE0065601A /* Learn.xcdatamodel */;
			path = Learn.xcdatamodeld;
			sourceTree = SOURCE_ROOT;
			versionGroupType = wrapper.xcdatamodel;
		};
/* End XCVersionGroup section */
	};
	rootObject = 8F40F1D020FBB1FB0090C604 /* Project object */;
}
