// !$*UTF8*$!
{
	archiveVersion = 1;
	classes = {
	};
	objectVersion = 50;
	objects = {

/* Begin PBXBuildFile section */
		098518DCFB48A0770163C409 /* Pods_Learn.framework in Frameworks */ = {isa = PBXBuildFile; fileRef = 2ED797032375B2335F2567A3 /* Pods_Learn.framework */; };
		6709867E22545ECC009E0BAE /* Batch.swift in Sources */ = {isa = PBXBuildFile; fileRef = 6709867D22545ECC009E0BAE /* Batch.swift */; };
		6709868222545EF6009E0BAE /* Course.swift in Sources */ = {isa = PBXBuildFile; fileRef = 6709868122545EF6009E0BAE /* Course.swift */; };
		67156DB72267C470003BC44E /* TopicsViewController.swift in Sources */ = {isa = PBXBuildFile; fileRef = 67156DB62267C470003BC44E /* TopicsViewController.swift */; };
		67156DBA2267C7F8003BC44E /* Track.swift in Sources */ = {isa = PBXBuildFile; fileRef = 67156DB92267C7F8003BC44E /* Track.swift */; };
		67156DBC2267E000003BC44E /* TopicCollectionViewCell.swift in Sources */ = {isa = PBXBuildFile; fileRef = 67156DBB2267E000003BC44E /* TopicCollectionViewCell.swift */; };
		6748541C22558AA900A33C5F /* Endpoint.swift in Sources */ = {isa = PBXBuildFile; fileRef = 6748541B22558AA900A33C5F /* Endpoint.swift */; };
		67698DE9227FA66700982CF6 /* NetworkError.swift in Sources */ = {isa = PBXBuildFile; fileRef = 67698DE8227FA66600982CF6 /* NetworkError.swift */; };
		67698DEB227FA68100982CF6 /* WebService.swift in Sources */ = {isa = PBXBuildFile; fileRef = 67698DEA227FA68100982CF6 /* WebService.swift */; };
		67698DEF227FA92D00982CF6 /* LearnTrackCache.swift in Sources */ = {isa = PBXBuildFile; fileRef = 67698DEE227FA92D00982CF6 /* LearnTrackCache.swift */; };
		67BD6C33228995A500825CBF /* LearnApiTest.swift in Sources */ = {isa = PBXBuildFile; fileRef = 67BD6C32228995A500825CBF /* LearnApiTest.swift */; };
		67BD6C35228AE48B00825CBF /* curriculumFetchData.json in Resources */ = {isa = PBXBuildFile; fileRef = 67BD6C34228AE48B00825CBF /* curriculumFetchData.json */; };
		67BD6C38228AEC9400825CBF /* profileFetchData.json in Resources */ = {isa = PBXBuildFile; fileRef = 67BD6C37228AEC9400825CBF /* profileFetchData.json */; };
		67BD6C3A228AEEFE00825CBF /* emptyResponse.json in Resources */ = {isa = PBXBuildFile; fileRef = 67BD6C39228AEEFE00825CBF /* emptyResponse.json */; };
		8F40F1DC20FBB1FB0090C604 /* AppDelegate.swift in Sources */ = {isa = PBXBuildFile; fileRef = 8F40F1DB20FBB1FB0090C604 /* AppDelegate.swift */; };
		8F40F1DE20FBB1FB0090C604 /* HomeViewController.swift in Sources */ = {isa = PBXBuildFile; fileRef = 8F40F1DD20FBB1FB0090C604 /* HomeViewController.swift */; };
		8F40F1E120FBB1FB0090C604 /* Main.storyboard in Resources */ = {isa = PBXBuildFile; fileRef = 8F40F1DF20FBB1FB0090C604 /* Main.storyboard */; };
		8F40F1E320FBB1FC0090C604 /* Assets.xcassets in Resources */ = {isa = PBXBuildFile; fileRef = 8F40F1E220FBB1FC0090C604 /* Assets.xcassets */; };
		8F40F1E620FBB1FC0090C604 /* LaunchScreen.storyboard in Resources */ = {isa = PBXBuildFile; fileRef = 8F40F1E420FBB1FC0090C604 /* LaunchScreen.storyboard */; };
		C10C56C721026B3100D903E8 /* Student.swift in Sources */ = {isa = PBXBuildFile; fileRef = C10C56C621026B3100D903E8 /* Student.swift */; };
		C10C56CA21026CC100D903E8 /* Switcher.swift in Sources */ = {isa = PBXBuildFile; fileRef = C10C56C921026CC100D903E8 /* Switcher.swift */; };
		C10C56CD21026D8100D903E8 /* UserDataStore.swift in Sources */ = {isa = PBXBuildFile; fileRef = C10C56CC21026D8100D903E8 /* UserDataStore.swift */; };
		C10C56CF21026E6700D903E8 /* Constants.swift in Sources */ = {isa = PBXBuildFile; fileRef = C10C56CE21026E6700D903E8 /* Constants.swift */; };
		C10C56D121027A3A00D903E8 /* LoginViewController.swift in Sources */ = {isa = PBXBuildFile; fileRef = C10C56D021027A3A00D903E8 /* LoginViewController.swift */; };
		C12DAE62228C79F6003E2FE9 /* CollapsibleTableSectionViewController.swift in Sources */ = {isa = PBXBuildFile; fileRef = C12DAE60228C79F6003E2FE9 /* CollapsibleTableSectionViewController.swift */; };
		C12DAE63228C79F6003E2FE9 /* CollapsibleTableViewHeader.swift in Sources */ = {isa = PBXBuildFile; fileRef = C12DAE61228C79F6003E2FE9 /* CollapsibleTableViewHeader.swift */; };
		C12DAE65228C7A83003E2FE9 /* TopicViewController.swift in Sources */ = {isa = PBXBuildFile; fileRef = C12DAE64228C7A83003E2FE9 /* TopicViewController.swift */; };
		C12DAE68228CB417003E2FE9 /* LessonCell.swift in Sources */ = {isa = PBXBuildFile; fileRef = C12DAE67228CB417003E2FE9 /* LessonCell.swift */; };
		C12DAE6A228CB42C003E2FE9 /* UnitViewCell.swift in Sources */ = {isa = PBXBuildFile; fileRef = C12DAE69228CB42C003E2FE9 /* UnitViewCell.swift */; };
		C12DAE6C228CFD55003E2FE9 /* CenteredCollectionViewLayout.swift in Sources */ = {isa = PBXBuildFile; fileRef = C12DAE6B228CFD55003E2FE9 /* CenteredCollectionViewLayout.swift */; };
		C12DAE6E228DA4EA003E2FE9 /* Identifiable.swift in Sources */ = {isa = PBXBuildFile; fileRef = C12DAE6D228DA4EA003E2FE9 /* Identifiable.swift */; };
		C18235C320FFB71700244E27 /* LearnApi.swift in Sources */ = {isa = PBXBuildFile; fileRef = C18235C220FFB71700244E27 /* LearnApi.swift */; };
		C19121312268F9CE0065601A /* Learn.xcdatamodeld in Sources */ = {isa = PBXBuildFile; fileRef = C191212F2268F9CE0065601A /* Learn.xcdatamodeld */; };
		C198B3DD226206A70036282B /* LessonViewCell.swift in Sources */ = {isa = PBXBuildFile; fileRef = C198B3DC226206A70036282B /* LessonViewCell.swift */; };
		C1B2F81D225794C100E97680 /* ColorHelper.swift in Sources */ = {isa = PBXBuildFile; fileRef = C1B2F81C225794C100E97680 /* ColorHelper.swift */; };
		C1BEB0CF2270DA7F00D22AF8 /* Topic.swift in Sources */ = {isa = PBXBuildFile; fileRef = C1BEB0CE2270DA7F00D22AF8 /* Topic.swift */; };
		C1BEB0D32270DA9700D22AF8 /* Lesson.swift in Sources */ = {isa = PBXBuildFile; fileRef = C1BEB0D22270DA9700D22AF8 /* Lesson.swift */; };
		C1BEB0D92270DE4000D22AF8 /* Curriculum.swift in Sources */ = {isa = PBXBuildFile; fileRef = C1BEB0D82270DE4000D22AF8 /* Curriculum.swift */; };
		C1BEB0DB2270DE8000D22AF8 /* Unit.swift in Sources */ = {isa = PBXBuildFile; fileRef = C1BEB0DA2270DE8000D22AF8 /* Unit.swift */; };
		C1BEB0DD2271597700D22AF8 /* UnitsViewController.swift in Sources */ = {isa = PBXBuildFile; fileRef = C1BEB0DC2271597700D22AF8 /* UnitsViewController.swift */; };
		C1BEB0DF227160B100D22AF8 /* UnitCollectionViewCell.swift in Sources */ = {isa = PBXBuildFile; fileRef = C1BEB0DE227160B100D22AF8 /* UnitCollectionViewCell.swift */; };
		C1BEB0E122722FB600D22AF8 /* LessonViewController.swift in Sources */ = {isa = PBXBuildFile; fileRef = C1BEB0E022722FB600D22AF8 /* LessonViewController.swift */; };
		C1FFF98E228343A6009C0D1E /* Storyboardable.swift in Sources */ = {isa = PBXBuildFile; fileRef = C1FFF98D228343A6009C0D1E /* Storyboardable.swift */; };
		C1FFF990228343C1009C0D1E /* Coordinator.swift in Sources */ = {isa = PBXBuildFile; fileRef = C1FFF98F228343C1009C0D1E /* Coordinator.swift */; };
		C1FFF992228343E8009C0D1E /* MainTabBarController.swift in Sources */ = {isa = PBXBuildFile; fileRef = C1FFF991228343E8009C0D1E /* MainTabBarController.swift */; };
		C1FFF995228345EE009C0D1E /* CurriculumCoordinator.swift in Sources */ = {isa = PBXBuildFile; fileRef = C1FFF994228345EE009C0D1E /* CurriculumCoordinator.swift */; };
/* End PBXBuildFile section */

/* Begin PBXContainerItemProxy section */
		67BD6C2A2289953400825CBF /* PBXContainerItemProxy */ = {
			isa = PBXContainerItemProxy;
			containerPortal = 8F40F1D020FBB1FB0090C604 /* Project object */;
			proxyType = 1;
			remoteGlobalIDString = 8F40F1D720FBB1FB0090C604;
			remoteInfo = Learn;
		};
/* End PBXContainerItemProxy section */

/* Begin PBXFileReference section */
		2ED797032375B2335F2567A3 /* Pods_Learn.framework */ = {isa = PBXFileReference; explicitFileType = wrapper.framework; includeInIndex = 0; path = Pods_Learn.framework; sourceTree = BUILT_PRODUCTS_DIR; };
		5957DFBC70FC2B76E9197AD8 /* Pods-Learn.release.xcconfig */ = {isa = PBXFileReference; includeInIndex = 1; lastKnownFileType = text.xcconfig; name = "Pods-Learn.release.xcconfig"; path = "Pods/Target Support Files/Pods-Learn/Pods-Learn.release.xcconfig"; sourceTree = "<group>"; };
		6709867D22545ECC009E0BAE /* Batch.swift */ = {isa = PBXFileReference; lastKnownFileType = sourcecode.swift; path = Batch.swift; sourceTree = "<group>"; };
		6709868122545EF6009E0BAE /* Course.swift */ = {isa = PBXFileReference; lastKnownFileType = sourcecode.swift; path = Course.swift; sourceTree = "<group>"; };
		67156DB62267C470003BC44E /* TopicsViewController.swift */ = {isa = PBXFileReference; lastKnownFileType = sourcecode.swift; path = TopicsViewController.swift; sourceTree = "<group>"; };
		67156DB92267C7F8003BC44E /* Track.swift */ = {isa = PBXFileReference; lastKnownFileType = sourcecode.swift; path = Track.swift; sourceTree = "<group>"; };
		67156DBB2267E000003BC44E /* TopicCollectionViewCell.swift */ = {isa = PBXFileReference; lastKnownFileType = sourcecode.swift; path = TopicCollectionViewCell.swift; sourceTree = "<group>"; };
		6748541B22558AA900A33C5F /* Endpoint.swift */ = {isa = PBXFileReference; fileEncoding = 4; lastKnownFileType = sourcecode.swift; path = Endpoint.swift; sourceTree = "<group>"; };
		67698DE8227FA66600982CF6 /* NetworkError.swift */ = {isa = PBXFileReference; lastKnownFileType = sourcecode.swift; path = NetworkError.swift; sourceTree = "<group>"; };
		67698DEA227FA68100982CF6 /* WebService.swift */ = {isa = PBXFileReference; lastKnownFileType = sourcecode.swift; path = WebService.swift; sourceTree = "<group>"; };
		67698DEE227FA92D00982CF6 /* LearnTrackCache.swift */ = {isa = PBXFileReference; lastKnownFileType = sourcecode.swift; path = LearnTrackCache.swift; sourceTree = "<group>"; };
		67BD6C252289953300825CBF /* LearnTests.xctest */ = {isa = PBXFileReference; explicitFileType = wrapper.cfbundle; includeInIndex = 0; path = LearnTests.xctest; sourceTree = BUILT_PRODUCTS_DIR; };
		67BD6C292289953400825CBF /* Info.plist */ = {isa = PBXFileReference; lastKnownFileType = text.plist.xml; path = Info.plist; sourceTree = "<group>"; };
		67BD6C32228995A500825CBF /* LearnApiTest.swift */ = {isa = PBXFileReference; lastKnownFileType = sourcecode.swift; path = LearnApiTest.swift; sourceTree = "<group>"; };
		67BD6C34228AE48B00825CBF /* curriculumFetchData.json */ = {isa = PBXFileReference; fileEncoding = 4; lastKnownFileType = text.json; path = curriculumFetchData.json; sourceTree = "<group>"; };
		67BD6C37228AEC9400825CBF /* profileFetchData.json */ = {isa = PBXFileReference; fileEncoding = 4; lastKnownFileType = text.json; path = profileFetchData.json; sourceTree = "<group>"; };
		67BD6C39228AEEFE00825CBF /* emptyResponse.json */ = {isa = PBXFileReference; fileEncoding = 4; lastKnownFileType = text.json; path = emptyResponse.json; sourceTree = "<group>"; };
		8F40F1D820FBB1FB0090C604 /* Learn.app */ = {isa = PBXFileReference; explicitFileType = wrapper.application; includeInIndex = 0; path = Learn.app; sourceTree = BUILT_PRODUCTS_DIR; };
		8F40F1DB20FBB1FB0090C604 /* AppDelegate.swift */ = {isa = PBXFileReference; lastKnownFileType = sourcecode.swift; path = AppDelegate.swift; sourceTree = "<group>"; };
		8F40F1DD20FBB1FB0090C604 /* HomeViewController.swift */ = {isa = PBXFileReference; lastKnownFileType = sourcecode.swift; path = HomeViewController.swift; sourceTree = "<group>"; };
		8F40F1E020FBB1FB0090C604 /* Base */ = {isa = PBXFileReference; lastKnownFileType = file.storyboard; name = Base; path = Base.lproj/Main.storyboard; sourceTree = "<group>"; };
		8F40F1E220FBB1FC0090C604 /* Assets.xcassets */ = {isa = PBXFileReference; lastKnownFileType = folder.assetcatalog; path = Assets.xcassets; sourceTree = "<group>"; };
		8F40F1E520FBB1FC0090C604 /* Base */ = {isa = PBXFileReference; lastKnownFileType = file.storyboard; name = Base; path = Base.lproj/LaunchScreen.storyboard; sourceTree = "<group>"; };
		8F40F1E720FBB1FC0090C604 /* Info.plist */ = {isa = PBXFileReference; lastKnownFileType = text.plist.xml; path = Info.plist; sourceTree = "<group>"; };
		C10C56C621026B3100D903E8 /* Student.swift */ = {isa = PBXFileReference; lastKnownFileType = sourcecode.swift; path = Student.swift; sourceTree = "<group>"; };
		C10C56C921026CC100D903E8 /* Switcher.swift */ = {isa = PBXFileReference; lastKnownFileType = sourcecode.swift; path = Switcher.swift; sourceTree = "<group>"; };
		C10C56CC21026D8100D903E8 /* UserDataStore.swift */ = {isa = PBXFileReference; lastKnownFileType = sourcecode.swift; path = UserDataStore.swift; sourceTree = "<group>"; };
		C10C56CE21026E6700D903E8 /* Constants.swift */ = {isa = PBXFileReference; lastKnownFileType = sourcecode.swift; path = Constants.swift; sourceTree = "<group>"; };
		C10C56D021027A3A00D903E8 /* LoginViewController.swift */ = {isa = PBXFileReference; lastKnownFileType = sourcecode.swift; path = LoginViewController.swift; sourceTree = "<group>"; };
		C12DAE60228C79F6003E2FE9 /* CollapsibleTableSectionViewController.swift */ = {isa = PBXFileReference; fileEncoding = 4; lastKnownFileType = sourcecode.swift; path = CollapsibleTableSectionViewController.swift; sourceTree = "<group>"; };
		C12DAE61228C79F6003E2FE9 /* CollapsibleTableViewHeader.swift */ = {isa = PBXFileReference; fileEncoding = 4; lastKnownFileType = sourcecode.swift; path = CollapsibleTableViewHeader.swift; sourceTree = "<group>"; };
		C12DAE64228C7A83003E2FE9 /* TopicViewController.swift */ = {isa = PBXFileReference; lastKnownFileType = sourcecode.swift; path = TopicViewController.swift; sourceTree = "<group>"; };
		C12DAE67228CB417003E2FE9 /* LessonCell.swift */ = {isa = PBXFileReference; lastKnownFileType = sourcecode.swift; path = LessonCell.swift; sourceTree = "<group>"; };
		C12DAE69228CB42C003E2FE9 /* UnitViewCell.swift */ = {isa = PBXFileReference; lastKnownFileType = sourcecode.swift; path = UnitViewCell.swift; sourceTree = "<group>"; };
		C12DAE6B228CFD55003E2FE9 /* CenteredCollectionViewLayout.swift */ = {isa = PBXFileReference; lastKnownFileType = sourcecode.swift; path = CenteredCollectionViewLayout.swift; sourceTree = "<group>"; };
		C12DAE6D228DA4EA003E2FE9 /* Identifiable.swift */ = {isa = PBXFileReference; lastKnownFileType = sourcecode.swift; path = Identifiable.swift; sourceTree = "<group>"; };
		C18235C220FFB71700244E27 /* LearnApi.swift */ = {isa = PBXFileReference; lastKnownFileType = sourcecode.swift; path = LearnApi.swift; sourceTree = "<group>"; };
		C19121302268F9CE0065601A /* Learn.xcdatamodel */ = {isa = PBXFileReference; lastKnownFileType = wrapper.xcdatamodel; path = Learn.xcdatamodel; sourceTree = "<group>"; };
		C198B3DC226206A70036282B /* LessonViewCell.swift */ = {isa = PBXFileReference; lastKnownFileType = sourcecode.swift; path = LessonViewCell.swift; sourceTree = "<group>"; };
		C1B2F81C225794C100E97680 /* ColorHelper.swift */ = {isa = PBXFileReference; lastKnownFileType = sourcecode.swift; path = ColorHelper.swift; sourceTree = "<group>"; };
		C1BEB0CE2270DA7F00D22AF8 /* Topic.swift */ = {isa = PBXFileReference; lastKnownFileType = sourcecode.swift; path = Topic.swift; sourceTree = "<group>"; };
		C1BEB0D22270DA9700D22AF8 /* Lesson.swift */ = {isa = PBXFileReference; lastKnownFileType = sourcecode.swift; path = Lesson.swift; sourceTree = "<group>"; };
		C1BEB0D82270DE4000D22AF8 /* Curriculum.swift */ = {isa = PBXFileReference; lastKnownFileType = sourcecode.swift; path = Curriculum.swift; sourceTree = "<group>"; };
		C1BEB0DA2270DE8000D22AF8 /* Unit.swift */ = {isa = PBXFileReference; fileEncoding = 4; lastKnownFileType = sourcecode.swift; path = Unit.swift; sourceTree = "<group>"; };
		C1BEB0DC2271597700D22AF8 /* UnitsViewController.swift */ = {isa = PBXFileReference; lastKnownFileType = sourcecode.swift; path = UnitsViewController.swift; sourceTree = "<group>"; };
		C1BEB0DE227160B100D22AF8 /* UnitCollectionViewCell.swift */ = {isa = PBXFileReference; lastKnownFileType = sourcecode.swift; path = UnitCollectionViewCell.swift; sourceTree = "<group>"; };
		C1BEB0E022722FB600D22AF8 /* LessonViewController.swift */ = {isa = PBXFileReference; lastKnownFileType = sourcecode.swift; path = LessonViewController.swift; sourceTree = "<group>"; };
		C1FFF98D228343A6009C0D1E /* Storyboardable.swift */ = {isa = PBXFileReference; lastKnownFileType = sourcecode.swift; path = Storyboardable.swift; sourceTree = "<group>"; };
		C1FFF98F228343C1009C0D1E /* Coordinator.swift */ = {isa = PBXFileReference; lastKnownFileType = sourcecode.swift; path = Coordinator.swift; sourceTree = "<group>"; };
		C1FFF991228343E8009C0D1E /* MainTabBarController.swift */ = {isa = PBXFileReference; lastKnownFileType = sourcecode.swift; path = MainTabBarController.swift; sourceTree = "<group>"; };
		C1FFF994228345EE009C0D1E /* CurriculumCoordinator.swift */ = {isa = PBXFileReference; lastKnownFileType = sourcecode.swift; path = CurriculumCoordinator.swift; sourceTree = "<group>"; };
		E30683C953D33AF2B2989B6C /* Pods-Learn.debug.xcconfig */ = {isa = PBXFileReference; includeInIndex = 1; lastKnownFileType = text.xcconfig; name = "Pods-Learn.debug.xcconfig"; path = "Pods/Target Support Files/Pods-Learn/Pods-Learn.debug.xcconfig"; sourceTree = "<group>"; };
/* End PBXFileReference section */

/* Begin PBXFrameworksBuildPhase section */
		67BD6C222289953300825CBF /* Frameworks */ = {
			isa = PBXFrameworksBuildPhase;
			buildActionMask = 2147483647;
			files = (
			);
			runOnlyForDeploymentPostprocessing = 0;
		};
		8F40F1D520FBB1FB0090C604 /* Frameworks */ = {
			isa = PBXFrameworksBuildPhase;
			buildActionMask = 2147483647;
			files = (
				098518DCFB48A0770163C409 /* Pods_Learn.framework in Frameworks */,
			);
			runOnlyForDeploymentPostprocessing = 0;
		};
/* End PBXFrameworksBuildPhase section */

/* Begin PBXGroup section */
		0E0DD6211319BC7AF8542097 /* Pods */ = {
			isa = PBXGroup;
			children = (
				E30683C953D33AF2B2989B6C /* Pods-Learn.debug.xcconfig */,
				5957DFBC70FC2B76E9197AD8 /* Pods-Learn.release.xcconfig */,
			);
			name = Pods;
			sourceTree = "<group>";
		};
		67156DB82267C7DD003BC44E /* Curriculum */ = {
			isa = PBXGroup;
			children = (
				C1BEB0DA2270DE8000D22AF8 /* Unit.swift */,
				67156DB92267C7F8003BC44E /* Track.swift */,
				C1BEB0CE2270DA7F00D22AF8 /* Topic.swift */,
				C1BEB0D22270DA9700D22AF8 /* Lesson.swift */,
				C1BEB0D82270DE4000D22AF8 /* Curriculum.swift */,
			);
			path = Curriculum;
			sourceTree = "<group>";
		};
		67BD6C262289953400825CBF /* LearnTests */ = {
			isa = PBXGroup;
			children = (
				67BD6C2F2289954100825CBF /* Adapters */,
				67BD6C292289953400825CBF /* Info.plist */,
			);
			path = LearnTests;
			sourceTree = "<group>";
		};
		67BD6C2F2289954100825CBF /* Adapters */ = {
			isa = PBXGroup;
			children = (
				67BD6C36228AE4A000825CBF /* LearnAPITestData */,
				67BD6C32228995A500825CBF /* LearnApiTest.swift */,
			);
			path = Adapters;
			sourceTree = "<group>";
		};
		67BD6C36228AE4A000825CBF /* LearnAPITestData */ = {
			isa = PBXGroup;
			children = (
				67BD6C39228AEEFE00825CBF /* emptyResponse.json */,
				67BD6C37228AEC9400825CBF /* profileFetchData.json */,
				67BD6C34228AE48B00825CBF /* curriculumFetchData.json */,
			);
			path = LearnAPITestData;
			sourceTree = "<group>";
		};
		8F40F1CF20FBB1FB0090C604 = {
			isa = PBXGroup;
			children = (
				8F40F1DA20FBB1FB0090C604 /* Learn */,
				67BD6C262289953400825CBF /* LearnTests */,
				8F40F1D920FBB1FB0090C604 /* Products */,
				0E0DD6211319BC7AF8542097 /* Pods */,
				EADD015898FB5A62FBD69D18 /* Frameworks */,
			);
			sourceTree = "<group>";
		};
		8F40F1D920FBB1FB0090C604 /* Products */ = {
			isa = PBXGroup;
			children = (
				8F40F1D820FBB1FB0090C604 /* Learn.app */,
				67BD6C252289953300825CBF /* LearnTests.xctest */,
			);
			name = Products;
			sourceTree = "<group>";
		};
		8F40F1DA20FBB1FB0090C604 /* Learn */ = {
			isa = PBXGroup;
			children = (
				C12DAE5F228C79DC003E2FE9 /* Vendor */,
				C1FFF993228343FD009C0D1E /* Activities */,
				C1FFF98C22834385009C0D1E /* Protocols */,
				C191212F2268F9CE0065601A /* Learn.xcdatamodeld */,
				C1B2F8192257911A00E97680 /* Views */,
				C10C56CB21026D7400D903E8 /* Stores */,
				C10C56C821026CB200D903E8 /* Utilities */,
				C10C56C421026B1900D903E8 /* Adapters */,
				C10C56C321026B1200D903E8 /* Models */,
				8F40F1DB20FBB1FB0090C604 /* AppDelegate.swift */,
				8F40F1DF20FBB1FB0090C604 /* Main.storyboard */,
				8F40F1E220FBB1FC0090C604 /* Assets.xcassets */,
				8F40F1E420FBB1FC0090C604 /* LaunchScreen.storyboard */,
				8F40F1E720FBB1FC0090C604 /* Info.plist */,
			);
			path = Learn;
			sourceTree = "<group>";
		};
		C10C56C321026B1200D903E8 /* Models */ = {
			isa = PBXGroup;
			children = (
				67156DB82267C7DD003BC44E /* Curriculum */,
				C10C56C621026B3100D903E8 /* Student.swift */,
				6709867D22545ECC009E0BAE /* Batch.swift */,
				6709868122545EF6009E0BAE /* Course.swift */,
			);
			path = Models;
			sourceTree = "<group>";
		};
		C10C56C421026B1900D903E8 /* Adapters */ = {
			isa = PBXGroup;
			children = (
				6748541B22558AA900A33C5F /* Endpoint.swift */,
				C18235C220FFB71700244E27 /* LearnApi.swift */,
				67698DE8227FA66600982CF6 /* NetworkError.swift */,
				67698DEA227FA68100982CF6 /* WebService.swift */,
				67698DEE227FA92D00982CF6 /* LearnTrackCache.swift */,
			);
			path = Adapters;
			sourceTree = "<group>";
		};
		C10C56C821026CB200D903E8 /* Utilities */ = {
			isa = PBXGroup;
			children = (
				C10C56C921026CC100D903E8 /* Switcher.swift */,
				C10C56CE21026E6700D903E8 /* Constants.swift */,
				C1B2F81C225794C100E97680 /* ColorHelper.swift */,
			);
			path = Utilities;
			sourceTree = "<group>";
		};
		C10C56CB21026D7400D903E8 /* Stores */ = {
			isa = PBXGroup;
			children = (
				C10C56CC21026D8100D903E8 /* UserDataStore.swift */,
			);
			path = Stores;
			sourceTree = "<group>";
		};
		C10C56D6210282D300D903E8 /* [Deprecated] Curriculum */ = {
			isa = PBXGroup;
			children = (
				67156DB62267C470003BC44E /* TopicsViewController.swift */,
				C1BEB0DC2271597700D22AF8 /* UnitsViewController.swift */,
				C1BEB0E022722FB600D22AF8 /* LessonViewController.swift */,
			);
			path = "[Deprecated] Curriculum";
			sourceTree = "<group>";
		};
		C10C56D7210282E300D903E8 /* Auth */ = {
			isa = PBXGroup;
			children = (
				C10C56D021027A3A00D903E8 /* LoginViewController.swift */,
			);
			path = Auth;
			sourceTree = "<group>";
		};
		C12DAE5F228C79DC003E2FE9 /* Vendor */ = {
			isa = PBXGroup;
			children = (
				C12DAE60228C79F6003E2FE9 /* CollapsibleTableSectionViewController.swift */,
				C12DAE61228C79F6003E2FE9 /* CollapsibleTableViewHeader.swift */,
				C12DAE6B228CFD55003E2FE9 /* CenteredCollectionViewLayout.swift */,
			);
			path = Vendor;
			sourceTree = "<group>";
		};
		C12DAE66228C8C73003E2FE9 /* Curiculum */ = {
			isa = PBXGroup;
			children = (
				C12DAE64228C7A83003E2FE9 /* TopicViewController.swift */,
				C1FFF994228345EE009C0D1E /* CurriculumCoordinator.swift */,
				C12DAE67228CB417003E2FE9 /* LessonCell.swift */,
				C12DAE69228CB42C003E2FE9 /* UnitViewCell.swift */,
			);
			path = Curiculum;
			sourceTree = "<group>";
		};
		C1B2F8192257911A00E97680 /* Views */ = {
			isa = PBXGroup;
			children = (
				C198B3DC226206A70036282B /* LessonViewCell.swift */,
				67156DBB2267E000003BC44E /* TopicCollectionViewCell.swift */,
				C1BEB0DE227160B100D22AF8 /* UnitCollectionViewCell.swift */,
				C1FFF991228343E8009C0D1E /* MainTabBarController.swift */,
			);
			path = Views;
			sourceTree = "<group>";
		};
		C1FFF98C22834385009C0D1E /* Protocols */ = {
			isa = PBXGroup;
			children = (
				C1FFF98D228343A6009C0D1E /* Storyboardable.swift */,
				C1FFF98F228343C1009C0D1E /* Coordinator.swift */,
				C12DAE6D228DA4EA003E2FE9 /* Identifiable.swift */,
			);
			path = Protocols;
			sourceTree = "<group>";
		};
		C1FFF993228343FD009C0D1E /* Activities */ = {
			isa = PBXGroup;
			children = (
				C12DAE66228C8C73003E2FE9 /* Curiculum */,
				C10C56D7210282E300D903E8 /* Auth */,
				C1FFF99622834737009C0D1E /* Home */,
				C10C56D6210282D300D903E8 /* [Deprecated] Curriculum */,
			);
			path = Activities;
			sourceTree = "<group>";
		};
		C1FFF99622834737009C0D1E /* Home */ = {
			isa = PBXGroup;
			children = (
				8F40F1DD20FBB1FB0090C604 /* HomeViewController.swift */,
			);
			path = Home;
			sourceTree = "<group>";
		};
		EADD015898FB5A62FBD69D18 /* Frameworks */ = {
			isa = PBXGroup;
			children = (
				2ED797032375B2335F2567A3 /* Pods_Learn.framework */,
			);
			name = Frameworks;
			sourceTree = "<group>";
		};
/* End PBXGroup section */

/* Begin PBXNativeTarget section */
		67BD6C242289953300825CBF /* LearnTests */ = {
			isa = PBXNativeTarget;
			buildConfigurationList = 67BD6C2E2289953400825CBF /* Build configuration list for PBXNativeTarget "LearnTests" */;
			buildPhases = (
				67BD6C212289953300825CBF /* Sources */,
				67BD6C222289953300825CBF /* Frameworks */,
				67BD6C232289953300825CBF /* Resources */,
			);
			buildRules = (
			);
			dependencies = (
				67BD6C2B2289953400825CBF /* PBXTargetDependency */,
			);
			name = LearnTests;
			productName = LearnTests;
			productReference = 67BD6C252289953300825CBF /* LearnTests.xctest */;
			productType = "com.apple.product-type.bundle.unit-test";
		};
		8F40F1D720FBB1FB0090C604 /* Learn */ = {
			isa = PBXNativeTarget;
			buildConfigurationList = 8F40F1EA20FBB1FC0090C604 /* Build configuration list for PBXNativeTarget "Learn" */;
			buildPhases = (
				289D8EE801DF3C8B6AF5325A /* [CP] Check Pods Manifest.lock */,
				8F40F1D420FBB1FB0090C604 /* Sources */,
				8F40F1D520FBB1FB0090C604 /* Frameworks */,
				8F40F1D620FBB1FB0090C604 /* Resources */,
				2A96EB189D838A754636767C /* [CP] Embed Pods Frameworks */,
			);
			buildRules = (
			);
			dependencies = (
			);
			name = Learn;
			productName = Learn;
			productReference = 8F40F1D820FBB1FB0090C604 /* Learn.app */;
			productType = "com.apple.product-type.application";
		};
/* End PBXNativeTarget section */

/* Begin PBXProject section */
		8F40F1D020FBB1FB0090C604 /* Project object */ = {
			isa = PBXProject;
			attributes = {
				LastSwiftUpdateCheck = 1020;
				LastUpgradeCheck = 1000;
				ORGANIZATIONNAME = "Johann Kerr";
				TargetAttributes = {
					67BD6C242289953300825CBF = {
						CreatedOnToolsVersion = 10.2.1;
						LastSwiftMigration = 1020;
						TestTargetID = 8F40F1D720FBB1FB0090C604;
					};
					8F40F1D720FBB1FB0090C604 = {
						CreatedOnToolsVersion = 10.0;
					};
				};
			};
			buildConfigurationList = 8F40F1D320FBB1FB0090C604 /* Build configuration list for PBXProject "Learn" */;
			compatibilityVersion = "Xcode 9.3";
			developmentRegion = en;
			hasScannedForEncodings = 0;
			knownRegions = (
				en,
				Base,
			);
			mainGroup = 8F40F1CF20FBB1FB0090C604;
			productRefGroup = 8F40F1D920FBB1FB0090C604 /* Products */;
			projectDirPath = "";
			projectRoot = "";
			targets = (
				8F40F1D720FBB1FB0090C604 /* Learn */,
				67BD6C242289953300825CBF /* LearnTests */,
			);
		};
/* End PBXProject section */

/* Begin PBXResourcesBuildPhase section */
		67BD6C232289953300825CBF /* Resources */ = {
			isa = PBXResourcesBuildPhase;
			buildActionMask = 2147483647;
			files = (
				67BD6C38228AEC9400825CBF /* profileFetchData.json in Resources */,
				67BD6C35228AE48B00825CBF /* curriculumFetchData.json in Resources */,
				67BD6C3A228AEEFE00825CBF /* emptyResponse.json in Resources */,
			);
			runOnlyForDeploymentPostprocessing = 0;
		};
		8F40F1D620FBB1FB0090C604 /* Resources */ = {
			isa = PBXResourcesBuildPhase;
			buildActionMask = 2147483647;
			files = (
				8F40F1E620FBB1FC0090C604 /* LaunchScreen.storyboard in Resources */,
				8F40F1E320FBB1FC0090C604 /* Assets.xcassets in Resources */,
				8F40F1E120FBB1FB0090C604 /* Main.storyboard in Resources */,
			);
			runOnlyForDeploymentPostprocessing = 0;
		};
/* End PBXResourcesBuildPhase section */

/* Begin PBXShellScriptBuildPhase section */
		289D8EE801DF3C8B6AF5325A /* [CP] Check Pods Manifest.lock */ = {
			isa = PBXShellScriptBuildPhase;
			buildActionMask = 2147483647;
			files = (
			);
			inputPaths = (
				"${PODS_PODFILE_DIR_PATH}/Podfile.lock",
				"${PODS_ROOT}/Manifest.lock",
			);
			name = "[CP] Check Pods Manifest.lock";
			outputPaths = (
				"$(DERIVED_FILE_DIR)/Pods-Learn-checkManifestLockResult.txt",
			);
			runOnlyForDeploymentPostprocessing = 0;
			shellPath = /bin/sh;
			shellScript = "diff \"${PODS_PODFILE_DIR_PATH}/Podfile.lock\" \"${PODS_ROOT}/Manifest.lock\" > /dev/null\nif [ $? != 0 ] ; then\n    # print error to STDERR\n    echo \"error: The sandbox is not in sync with the Podfile.lock. Run 'pod install' or update your CocoaPods installation.\" >&2\n    exit 1\nfi\n# This output is used by Xcode 'outputs' to avoid re-running this script phase.\necho \"SUCCESS\" > \"${SCRIPT_OUTPUT_FILE_0}\"\n";
			showEnvVarsInLog = 0;
		};
		2A96EB189D838A754636767C /* [CP] Embed Pods Frameworks */ = {
			isa = PBXShellScriptBuildPhase;
			buildActionMask = 2147483647;
			files = (
			);
			inputPaths = (
				"${PODS_ROOT}/Target Support Files/Pods-Learn/Pods-Learn-frameworks.sh",
				"${BUILT_PRODUCTS_DIR}/BTNavigationDropdownMenu/BTNavigationDropdownMenu.framework",
				"${BUILT_PRODUCTS_DIR}/Down/Down.framework",
				"${BUILT_PRODUCTS_DIR}/Kingfisher/Kingfisher.framework",
				"${BUILT_PRODUCTS_DIR}/OAuthSwift/OAuthSwift.framework",
			);
			name = "[CP] Embed Pods Frameworks";
			outputPaths = (
				"${TARGET_BUILD_DIR}/${FRAMEWORKS_FOLDER_PATH}/BTNavigationDropdownMenu.framework",
				"${TARGET_BUILD_DIR}/${FRAMEWORKS_FOLDER_PATH}/Down.framework",
				"${TARGET_BUILD_DIR}/${FRAMEWORKS_FOLDER_PATH}/Kingfisher.framework",
				"${TARGET_BUILD_DIR}/${FRAMEWORKS_FOLDER_PATH}/OAuthSwift.framework",
			);
			runOnlyForDeploymentPostprocessing = 0;
			shellPath = /bin/sh;
			shellScript = "\"${PODS_ROOT}/Target Support Files/Pods-Learn/Pods-Learn-frameworks.sh\"\n";
			showEnvVarsInLog = 0;
		};
/* End PBXShellScriptBuildPhase section */

/* Begin PBXSourcesBuildPhase section */
		67BD6C212289953300825CBF /* Sources */ = {
			isa = PBXSourcesBuildPhase;
			buildActionMask = 2147483647;
			files = (
				67BD6C33228995A500825CBF /* LearnApiTest.swift in Sources */,
			);
			runOnlyForDeploymentPostprocessing = 0;
		};
		8F40F1D420FBB1FB0090C604 /* Sources */ = {
			isa = PBXSourcesBuildPhase;
			buildActionMask = 2147483647;
			files = (
				C1FFF995228345EE009C0D1E /* CurriculumCoordinator.swift in Sources */,
				C12DAE63228C79F6003E2FE9 /* CollapsibleTableViewHeader.swift in Sources */,
				6748541C22558AA900A33C5F /* Endpoint.swift in Sources */,
				C1BEB0CF2270DA7F00D22AF8 /* Topic.swift in Sources */,
				C1FFF992228343E8009C0D1E /* MainTabBarController.swift in Sources */,
				C1BEB0DD2271597700D22AF8 /* UnitsViewController.swift in Sources */,
				C1B2F81D225794C100E97680 /* ColorHelper.swift in Sources */,
				6709868222545EF6009E0BAE /* Course.swift in Sources */,
				C10C56CD21026D8100D903E8 /* UserDataStore.swift in Sources */,
				67156DB72267C470003BC44E /* TopicsViewController.swift in Sources */,
				C1BEB0D92270DE4000D22AF8 /* Curriculum.swift in Sources */,
				C12DAE6C228CFD55003E2FE9 /* CenteredCollectionViewLayout.swift in Sources */,
				67156DBA2267C7F8003BC44E /* Track.swift in Sources */,
				C19121312268F9CE0065601A /* Learn.xcdatamodeld in Sources */,
				C12DAE62228C79F6003E2FE9 /* CollapsibleTableSectionViewController.swift in Sources */,
				C10C56CA21026CC100D903E8 /* Switcher.swift in Sources */,
				67156DBC2267E000003BC44E /* TopicCollectionViewCell.swift in Sources */,
				67698DEF227FA92D00982CF6 /* LearnTrackCache.swift in Sources */,
				C10C56C721026B3100D903E8 /* Student.swift in Sources */,
				C1BEB0DB2270DE8000D22AF8 /* Unit.swift in Sources */,
				C18235C320FFB71700244E27 /* LearnApi.swift in Sources */,
				C1FFF98E228343A6009C0D1E /* Storyboardable.swift in Sources */,
				C12DAE6A228CB42C003E2FE9 /* UnitViewCell.swift in Sources */,
				6709867E22545ECC009E0BAE /* Batch.swift in Sources */,
				C1FFF990228343C1009C0D1E /* Coordinator.swift in Sources */,
				C1BEB0E122722FB600D22AF8 /* LessonViewController.swift in Sources */,
				67698DEB227FA68100982CF6 /* WebService.swift in Sources */,
				C1BEB0DF227160B100D22AF8 /* UnitCollectionViewCell.swift in Sources */,
				C12DAE65228C7A83003E2FE9 /* TopicViewController.swift in Sources */,
				C10C56D121027A3A00D903E8 /* LoginViewController.swift in Sources */,
				C12DAE68228CB417003E2FE9 /* LessonCell.swift in Sources */,
				C10C56CF21026E6700D903E8 /* Constants.swift in Sources */,
				8F40F1DE20FBB1FB0090C604 /* HomeViewController.swift in Sources */,
				8F40F1DC20FBB1FB0090C604 /* AppDelegate.swift in Sources */,
				67698DE9227FA66700982CF6 /* NetworkError.swift in Sources */,
				C198B3DD226206A70036282B /* LessonViewCell.swift in Sources */,
				C1BEB0D32270DA9700D22AF8 /* Lesson.swift in Sources */,
				C12DAE6E228DA4EA003E2FE9 /* Identifiable.swift in Sources */,
			);
			runOnlyForDeploymentPostprocessing = 0;
		};
/* End PBXSourcesBuildPhase section */

/* Begin PBXTargetDependency section */
		67BD6C2B2289953400825CBF /* PBXTargetDependency */ = {
			isa = PBXTargetDependency;
			target = 8F40F1D720FBB1FB0090C604 /* Learn */;
			targetProxy = 67BD6C2A2289953400825CBF /* PBXContainerItemProxy */;
		};
/* End PBXTargetDependency section */

/* Begin PBXVariantGroup section */
		8F40F1DF20FBB1FB0090C604 /* Main.storyboard */ = {
			isa = PBXVariantGroup;
			children = (
				8F40F1E020FBB1FB0090C604 /* Base */,
			);
			name = Main.storyboard;
			sourceTree = "<group>";
		};
		8F40F1E420FBB1FC0090C604 /* LaunchScreen.storyboard */ = {
			isa = PBXVariantGroup;
			children = (
				8F40F1E520FBB1FC0090C604 /* Base */,
			);
			name = LaunchScreen.storyboard;
			sourceTree = "<group>";
		};
/* End PBXVariantGroup section */

/* Begin XCBuildConfiguration section */
		67BD6C2C2289953400825CBF /* Debug */ = {
			isa = XCBuildConfiguration;
			buildSettings = {
				BUNDLE_LOADER = "$(TEST_HOST)";
				CLANG_ENABLE_MODULES = YES;
				CODE_SIGN_STYLE = Automatic;
				DEVELOPMENT_TEAM = WNAGBXF4G9;
				INFOPLIST_FILE = LearnTests/Info.plist;
				IPHONEOS_DEPLOYMENT_TARGET = 12.2;
				LD_RUNPATH_SEARCH_PATHS = (
					"$(inherited)",
					"@executable_path/Frameworks",
					"@loader_path/Frameworks",
				);
				PRODUCT_BUNDLE_IDENTIFIER = com.Learn.LearnTests;
				PRODUCT_NAME = "$(TARGET_NAME)";
				SWIFT_OPTIMIZATION_LEVEL = "-Onone";
				SWIFT_VERSION = 5.0;
				TARGETED_DEVICE_FAMILY = "1,2";
				TEST_HOST = "$(BUILT_PRODUCTS_DIR)/Learn.app/Learn";
			};
			name = Debug;
		};
		67BD6C2D2289953400825CBF /* Release */ = {
			isa = XCBuildConfiguration;
			buildSettings = {
				BUNDLE_LOADER = "$(TEST_HOST)";
				CLANG_ENABLE_MODULES = YES;
				CODE_SIGN_STYLE = Automatic;
				DEVELOPMENT_TEAM = WNAGBXF4G9;
				INFOPLIST_FILE = LearnTests/Info.plist;
				IPHONEOS_DEPLOYMENT_TARGET = 12.2;
				LD_RUNPATH_SEARCH_PATHS = (
					"$(inherited)",
					"@executable_path/Frameworks",
					"@loader_path/Frameworks",
				);
				PRODUCT_BUNDLE_IDENTIFIER = com.Learn.LearnTests;
				PRODUCT_NAME = "$(TARGET_NAME)";
				SWIFT_VERSION = 5.0;
				TARGETED_DEVICE_FAMILY = "1,2";
				TEST_HOST = "$(BUILT_PRODUCTS_DIR)/Learn.app/Learn";
			};
			name = Release;
		};
		8F40F1E820FBB1FC0090C604 /* Debug */ = {
			isa = XCBuildConfiguration;
			buildSettings = {
				ALWAYS_SEARCH_USER_PATHS = NO;
				CLANG_ANALYZER_NONNULL = YES;
				CLANG_ANALYZER_NUMBER_OBJECT_CONVERSION = YES_AGGRESSIVE;
				CLANG_CXX_LANGUAGE_STANDARD = "gnu++14";
				CLANG_CXX_LIBRARY = "libc++";
				CLANG_ENABLE_MODULES = YES;
				CLANG_ENABLE_OBJC_ARC = YES;
				CLANG_ENABLE_OBJC_WEAK = YES;
				CLANG_WARN_BLOCK_CAPTURE_AUTORELEASING = YES;
				CLANG_WARN_BOOL_CONVERSION = YES;
				CLANG_WARN_COMMA = YES;
				CLANG_WARN_CONSTANT_CONVERSION = YES;
				CLANG_WARN_DEPRECATED_OBJC_IMPLEMENTATIONS = YES;
				CLANG_WARN_DIRECT_OBJC_ISA_USAGE = YES_ERROR;
				CLANG_WARN_DOCUMENTATION_COMMENTS = YES;
				CLANG_WARN_EMPTY_BODY = YES;
				CLANG_WARN_ENUM_CONVERSION = YES;
				CLANG_WARN_INFINITE_RECURSION = YES;
				CLANG_WARN_INT_CONVERSION = YES;
				CLANG_WARN_NON_LITERAL_NULL_CONVERSION = YES;
				CLANG_WARN_OBJC_IMPLICIT_RETAIN_SELF = YES;
				CLANG_WARN_OBJC_LITERAL_CONVERSION = YES;
				CLANG_WARN_OBJC_ROOT_CLASS = YES_ERROR;
				CLANG_WARN_RANGE_LOOP_ANALYSIS = YES;
				CLANG_WARN_STRICT_PROTOTYPES = YES;
				CLANG_WARN_SUSPICIOUS_MOVE = YES;
				CLANG_WARN_UNGUARDED_AVAILABILITY = YES_AGGRESSIVE;
				CLANG_WARN_UNREACHABLE_CODE = YES;
				CLANG_WARN__DUPLICATE_METHOD_MATCH = YES;
				CODE_SIGN_IDENTITY = "iPhone Developer";
				COPY_PHASE_STRIP = NO;
				DEBUG_INFORMATION_FORMAT = dwarf;
				ENABLE_STRICT_OBJC_MSGSEND = YES;
				ENABLE_TESTABILITY = YES;
				GCC_C_LANGUAGE_STANDARD = gnu11;
				GCC_DYNAMIC_NO_PIC = NO;
				GCC_NO_COMMON_BLOCKS = YES;
				GCC_OPTIMIZATION_LEVEL = 0;
				GCC_PREPROCESSOR_DEFINITIONS = (
					"DEBUG=1",
					"$(inherited)",
				);
				GCC_WARN_64_TO_32_BIT_CONVERSION = YES;
				GCC_WARN_ABOUT_RETURN_TYPE = YES_ERROR;
				GCC_WARN_UNDECLARED_SELECTOR = YES;
				GCC_WARN_UNINITIALIZED_AUTOS = YES_AGGRESSIVE;
				GCC_WARN_UNUSED_FUNCTION = YES;
				GCC_WARN_UNUSED_VARIABLE = YES;
				IPHONEOS_DEPLOYMENT_TARGET = 12.0;
				MTL_ENABLE_DEBUG_INFO = INCLUDE_SOURCE;
				MTL_FAST_MATH = YES;
				ONLY_ACTIVE_ARCH = YES;
				SDKROOT = iphoneos;
				SWIFT_ACTIVE_COMPILATION_CONDITIONS = DEBUG;
				SWIFT_OPTIMIZATION_LEVEL = "-Onone";
			};
			name = Debug;
		};
		8F40F1E920FBB1FC0090C604 /* Release */ = {
			isa = XCBuildConfiguration;
			buildSettings = {
				ALWAYS_SEARCH_USER_PATHS = NO;
				CLANG_ANALYZER_NONNULL = YES;
				CLANG_ANALYZER_NUMBER_OBJECT_CONVERSION = YES_AGGRESSIVE;
				CLANG_CXX_LANGUAGE_STANDARD = "gnu++14";
				CLANG_CXX_LIBRARY = "libc++";
				CLANG_ENABLE_MODULES = YES;
				CLANG_ENABLE_OBJC_ARC = YES;
				CLANG_ENABLE_OBJC_WEAK = YES;
				CLANG_WARN_BLOCK_CAPTURE_AUTORELEASING = YES;
				CLANG_WARN_BOOL_CONVERSION = YES;
				CLANG_WARN_COMMA = YES;
				CLANG_WARN_CONSTANT_CONVERSION = YES;
				CLANG_WARN_DEPRECATED_OBJC_IMPLEMENTATIONS = YES;
				CLANG_WARN_DIRECT_OBJC_ISA_USAGE = YES_ERROR;
				CLANG_WARN_DOCUMENTATION_COMMENTS = YES;
				CLANG_WARN_EMPTY_BODY = YES;
				CLANG_WARN_ENUM_CONVERSION = YES;
				CLANG_WARN_INFINITE_RECURSION = YES;
				CLANG_WARN_INT_CONVERSION = YES;
				CLANG_WARN_NON_LITERAL_NULL_CONVERSION = YES;
				CLANG_WARN_OBJC_IMPLICIT_RETAIN_SELF = YES;
				CLANG_WARN_OBJC_LITERAL_CONVERSION = YES;
				CLANG_WARN_OBJC_ROOT_CLASS = YES_ERROR;
				CLANG_WARN_RANGE_LOOP_ANALYSIS = YES;
				CLANG_WARN_STRICT_PROTOTYPES = YES;
				CLANG_WARN_SUSPICIOUS_MOVE = YES;
				CLANG_WARN_UNGUARDED_AVAILABILITY = YES_AGGRESSIVE;
				CLANG_WARN_UNREACHABLE_CODE = YES;
				CLANG_WARN__DUPLICATE_METHOD_MATCH = YES;
				CODE_SIGN_IDENTITY = "iPhone Developer";
				COPY_PHASE_STRIP = NO;
				DEBUG_INFORMATION_FORMAT = "dwarf-with-dsym";
				ENABLE_NS_ASSERTIONS = NO;
				ENABLE_STRICT_OBJC_MSGSEND = YES;
				GCC_C_LANGUAGE_STANDARD = gnu11;
				GCC_NO_COMMON_BLOCKS = YES;
				GCC_WARN_64_TO_32_BIT_CONVERSION = YES;
				GCC_WARN_ABOUT_RETURN_TYPE = YES_ERROR;
				GCC_WARN_UNDECLARED_SELECTOR = YES;
				GCC_WARN_UNINITIALIZED_AUTOS = YES_AGGRESSIVE;
				GCC_WARN_UNUSED_FUNCTION = YES;
				GCC_WARN_UNUSED_VARIABLE = YES;
				IPHONEOS_DEPLOYMENT_TARGET = 12.0;
				MTL_ENABLE_DEBUG_INFO = NO;
				MTL_FAST_MATH = YES;
				SDKROOT = iphoneos;
				SWIFT_COMPILATION_MODE = wholemodule;
				SWIFT_OPTIMIZATION_LEVEL = "-O";
				VALIDATE_PRODUCT = YES;
			};
			name = Release;
		};
		8F40F1EB20FBB1FC0090C604 /* Debug */ = {
			isa = XCBuildConfiguration;
			baseConfigurationReference = E30683C953D33AF2B2989B6C /* Pods-Learn.debug.xcconfig */;
			buildSettings = {
				ASSETCATALOG_COMPILER_APPICON_NAME = AppIcon;
				CODE_SIGN_STYLE = Automatic;
				DEVELOPMENT_TEAM = WNAGBXF4G9;
				INFOPLIST_FILE = Learn/Info.plist;
				LD_RUNPATH_SEARCH_PATHS = (
					"$(inherited)",
					"@executable_path/Frameworks",
				);
				PRODUCT_BUNDLE_IDENTIFIER = com.johannkerr.Learn;
				PRODUCT_NAME = "$(TARGET_NAME)";
				SWIFT_VERSION = 5.0;
				TARGETED_DEVICE_FAMILY = "1,2";
			};
			name = Debug;
		};
		8F40F1EC20FBB1FC0090C604 /* Release */ = {
			isa = XCBuildConfiguration;
			baseConfigurationReference = 5957DFBC70FC2B76E9197AD8 /* Pods-Learn.release.xcconfig */;
			buildSettings = {
				ASSETCATALOG_COMPILER_APPICON_NAME = AppIcon;
				CODE_SIGN_STYLE = Automatic;
				DEVELOPMENT_TEAM = WNAGBXF4G9;
				INFOPLIST_FILE = Learn/Info.plist;
				LD_RUNPATH_SEARCH_PATHS = (
					"$(inherited)",
					"@executable_path/Frameworks",
				);
				PRODUCT_BUNDLE_IDENTIFIER = com.johannkerr.Learn;
				PRODUCT_NAME = "$(TARGET_NAME)";
				SWIFT_VERSION = 5.0;
				TARGETED_DEVICE_FAMILY = "1,2";
			};
			name = Release;
		};
/* End XCBuildConfiguration section */

/* Begin XCConfigurationList section */
		67BD6C2E2289953400825CBF /* Build configuration list for PBXNativeTarget "LearnTests" */ = {
			isa = XCConfigurationList;
			buildConfigurations = (
				67BD6C2C2289953400825CBF /* Debug */,
				67BD6C2D2289953400825CBF /* Release */,
			);
			defaultConfigurationIsVisible = 0;
			defaultConfigurationName = Release;
		};
		8F40F1D320FBB1FB0090C604 /* Build configuration list for PBXProject "Learn" */ = {
			isa = XCConfigurationList;
			buildConfigurations = (
				8F40F1E820FBB1FC0090C604 /* Debug */,
				8F40F1E920FBB1FC0090C604 /* Release */,
			);
			defaultConfigurationIsVisible = 0;
			defaultConfigurationName = Release;
		};
		8F40F1EA20FBB1FC0090C604 /* Build configuration list for PBXNativeTarget "Learn" */ = {
			isa = XCConfigurationList;
			buildConfigurations = (
				8F40F1EB20FBB1FC0090C604 /* Debug */,
				8F40F1EC20FBB1FC0090C604 /* Release */,
			);
			defaultConfigurationIsVisible = 0;
			defaultConfigurationName = Release;
		};
/* End XCConfigurationList section */

/* Begin XCVersionGroup section */
		C191212F2268F9CE0065601A /* Learn.xcdatamodeld */ = {
			isa = XCVersionGroup;
			children = (
				C19121302268F9CE0065601A /* Learn.xcdatamodel */,
			);
			currentVersion = C19121302268F9CE0065601A /* Learn.xcdatamodel */;
			path = Learn.xcdatamodeld;
			sourceTree = SOURCE_ROOT;
			versionGroupType = wrapper.xcdatamodel;
		};
/* End XCVersionGroup section */
	};
	rootObject = 8F40F1D020FBB1FB0090C604 /* Project object */;
}
